
Microsoft Visual Studio Solution File, Format Version 12.00
# Visual Studio Version 16
VisualStudioVersion = 16.0.31729.503
MinimumVisualStudioVersion = 10.0.40219.1
Project("{FAE04EC0-301F-11D3-BF4B-00C04F79EFBC}") = "FurDepot", "..\..\11_18_2021_HP_Update\FurDepot\FurDepot\FurDepot.csproj", "{882D029D-A6A3-4A42-9F67-8A4334C4242B}"
EndProject
Global
	GlobalSection(SolutionConfigurationPlatforms) = preSolution
		Debug|Any CPU = Debug|Any CPU
		Release|Any CPU = Release|Any CPU
	EndGlobalSection
	GlobalSection(ProjectConfigurationPlatforms) = postSolution
		{882D029D-A6A3-4A42-9F67-8A4334C4242B}.Debug|Any CPU.ActiveCfg = Debug|Any CPU
		{882D029D-A6A3-4A42-9F67-8A4334C4242B}.Debug|Any CPU.Build.0 = Debug|Any CPU
		{882D029D-A6A3-4A42-9F67-8A4334C4242B}.Release|Any CPU.ActiveCfg = Release|Any CPU
		{882D029D-A6A3-4A42-9F67-8A4334C4242B}.Release|Any CPU.Build.0 = Release|Any CPU
	EndGlobalSection
	GlobalSection(SolutionProperties) = preSolution
		HideSolutionNode = FALSE
	EndGlobalSection
	GlobalSection(ExtensibilityGlobals) = postSolution
		SolutionGuid = {02E06D24-0057-456B-9F5A-D6BD5F43C962}
	EndGlobalSection
EndGlobal
